
Microsoft Visual Studio Solution File, Format Version 12.00
# Visual Studio Version 17
VisualStudioVersion = 17.0.31903.59
MinimumVisualStudioVersion = 10.0.40219.1
Project("{2150E333-8FDC-42A3-9474-1A3956D46DE8}") = "Core", "Core", "{FBF56CC3-7AE6-AD2D-3F14-7F97FD322CD6}"
EndProject
Project("{FAE04EC0-301F-11D3-BF4B-00C04F79EFBC}") = "AIHappey.Common", "Core\AIHappey.Common\AIHappey.Common.csproj", "{9C14AC5E-B5CA-4B74-80C3-8F5DF7559184}"
EndProject
Project("{FAE04EC0-301F-11D3-BF4B-00C04F79EFBC}") = "AIHappey.Core", "Core\AIHappey.Core\AIHappey.Core.csproj", "{CDB2C52D-337E-4DC4-B08D-5CB6E1D4E700}"
EndProject
Project("{2150E333-8FDC-42A3-9474-1A3956D46DE8}") = "AIHappey.Telemetry", "AIHappey.Telemetry", "{ED35BB6E-5428-2A1A-D179-BB5E4D359D03}"
EndProject
Project("{FAE04EC0-301F-11D3-BF4B-00C04F79EFBC}") = "AIhappey.Telemetry", "Core\AIHappey.Telemetry\AIhappey.Telemetry.csproj", "{27AC40DA-9913-445C-9210-0412BFDDBC81}"
EndProject
Project("{2150E333-8FDC-42A3-9474-1A3956D46DE8}") = "Samples", "Samples", "{5D20AA90-6969-D8BD-9DCD-8634F4692FDA}"
EndProject
Project("{FAE04EC0-301F-11D3-BF4B-00C04F79EFBC}") = "AIHappey.AzureAuth", "Samples\AIHappey.AzureAuth\AIHappey.AzureAuth.csproj", "{7C7175E5-4D29-4F71-BFCA-E5244527FD89}"
EndProject
Project("{FAE04EC0-301F-11D3-BF4B-00C04F79EFBC}") = "AIHappey.HeaderAuth", "Samples\AIHappey.HeaderAuth\AIHappey.HeaderAuth.csproj", "{612273B5-93C1-4FA0-A8E6-06B2911B2D98}"
EndProject
Global
	GlobalSection(SolutionConfigurationPlatforms) = preSolution
		Debug|Any CPU = Debug|Any CPU
		Debug|x64 = Debug|x64
		Debug|x86 = Debug|x86
		Release|Any CPU = Release|Any CPU
		Release|x64 = Release|x64
		Release|x86 = Release|x86
	EndGlobalSection
	GlobalSection(ProjectConfigurationPlatforms) = postSolution
		{9C14AC5E-B5CA-4B74-80C3-8F5DF7559184}.Debug|Any CPU.ActiveCfg = Debug|Any CPU
		{9C14AC5E-B5CA-4B74-80C3-8F5DF7559184}.Debug|Any CPU.Build.0 = Debug|Any CPU
		{9C14AC5E-B5CA-4B74-80C3-8F5DF7559184}.Debug|x64.ActiveCfg = Debug|Any CPU
		{9C14AC5E-B5CA-4B74-80C3-8F5DF7559184}.Debug|x64.Build.0 = Debug|Any CPU
		{9C14AC5E-B5CA-4B74-80C3-8F5DF7559184}.Debug|x86.ActiveCfg = Debug|Any CPU
		{9C14AC5E-B5CA-4B74-80C3-8F5DF7559184}.Debug|x86.Build.0 = Debug|Any CPU
		{9C14AC5E-B5CA-4B74-80C3-8F5DF7559184}.Release|Any CPU.ActiveCfg = Release|Any CPU
		{9C14AC5E-B5CA-4B74-80C3-8F5DF7559184}.Release|Any CPU.Build.0 = Release|Any CPU
		{9C14AC5E-B5CA-4B74-80C3-8F5DF7559184}.Release|x64.ActiveCfg = Release|Any CPU
		{9C14AC5E-B5CA-4B74-80C3-8F5DF7559184}.Release|x64.Build.0 = Release|Any CPU
		{9C14AC5E-B5CA-4B74-80C3-8F5DF7559184}.Release|x86.ActiveCfg = Release|Any CPU
		{9C14AC5E-B5CA-4B74-80C3-8F5DF7559184}.Release|x86.Build.0 = Release|Any CPU
		{CDB2C52D-337E-4DC4-B08D-5CB6E1D4E700}.Debug|Any CPU.ActiveCfg = Debug|Any CPU
		{CDB2C52D-337E-4DC4-B08D-5CB6E1D4E700}.Debug|Any CPU.Build.0 = Debug|Any CPU
		{CDB2C52D-337E-4DC4-B08D-5CB6E1D4E700}.Debug|x64.ActiveCfg = Debug|Any CPU
		{CDB2C52D-337E-4DC4-B08D-5CB6E1D4E700}.Debug|x64.Build.0 = Debug|Any CPU
		{CDB2C52D-337E-4DC4-B08D-5CB6E1D4E700}.Debug|x86.ActiveCfg = Debug|Any CPU
		{CDB2C52D-337E-4DC4-B08D-5CB6E1D4E700}.Debug|x86.Build.0 = Debug|Any CPU
		{CDB2C52D-337E-4DC4-B08D-5CB6E1D4E700}.Release|Any CPU.ActiveCfg = Release|Any CPU
		{CDB2C52D-337E-4DC4-B08D-5CB6E1D4E700}.Release|Any CPU.Build.0 = Release|Any CPU
		{CDB2C52D-337E-4DC4-B08D-5CB6E1D4E700}.Release|x64.ActiveCfg = Release|Any CPU
		{CDB2C52D-337E-4DC4-B08D-5CB6E1D4E700}.Release|x64.Build.0 = Release|Any CPU
		{CDB2C52D-337E-4DC4-B08D-5CB6E1D4E700}.Release|x86.ActiveCfg = Release|Any CPU
		{CDB2C52D-337E-4DC4-B08D-5CB6E1D4E700}.Release|x86.Build.0 = Release|Any CPU
		{27AC40DA-9913-445C-9210-0412BFDDBC81}.Debug|Any CPU.ActiveCfg = Debug|Any CPU
		{27AC40DA-9913-445C-9210-0412BFDDBC81}.Debug|Any CPU.Build.0 = Debug|Any CPU
		{27AC40DA-9913-445C-9210-0412BFDDBC81}.Debug|x64.ActiveCfg = Debug|Any CPU
		{27AC40DA-9913-445C-9210-0412BFDDBC81}.Debug|x64.Build.0 = Debug|Any CPU
		{27AC40DA-9913-445C-9210-0412BFDDBC81}.Debug|x86.ActiveCfg = Debug|Any CPU
		{27AC40DA-9913-445C-9210-0412BFDDBC81}.Debug|x86.Build.0 = Debug|Any CPU
		{27AC40DA-9913-445C-9210-0412BFDDBC81}.Release|Any CPU.ActiveCfg = Release|Any CPU
		{27AC40DA-9913-445C-9210-0412BFDDBC81}.Release|Any CPU.Build.0 = Release|Any CPU
		{27AC40DA-9913-445C-9210-0412BFDDBC81}.Release|x64.ActiveCfg = Release|Any CPU
		{27AC40DA-9913-445C-9210-0412BFDDBC81}.Release|x64.Build.0 = Release|Any CPU
		{27AC40DA-9913-445C-9210-0412BFDDBC81}.Release|x86.ActiveCfg = Release|Any CPU
		{27AC40DA-9913-445C-9210-0412BFDDBC81}.Release|x86.Build.0 = Release|Any CPU
		{7C7175E5-4D29-4F71-BFCA-E5244527FD89}.Debug|Any CPU.ActiveCfg = Debug|Any CPU
		{7C7175E5-4D29-4F71-BFCA-E5244527FD89}.Debug|Any CPU.Build.0 = Debug|Any CPU
		{7C7175E5-4D29-4F71-BFCA-E5244527FD89}.Debug|x64.ActiveCfg = Debug|Any CPU
		{7C7175E5-4D29-4F71-BFCA-E5244527FD89}.Debug|x64.Build.0 = Debug|Any CPU
		{7C7175E5-4D29-4F71-BFCA-E5244527FD89}.Debug|x86.ActiveCfg = Debug|Any CPU
		{7C7175E5-4D29-4F71-BFCA-E5244527FD89}.Debug|x86.Build.0 = Debug|Any CPU
		{7C7175E5-4D29-4F71-BFCA-E5244527FD89}.Release|Any CPU.ActiveCfg = Release|Any CPU
		{7C7175E5-4D29-4F71-BFCA-E5244527FD89}.Release|Any CPU.Build.0 = Release|Any CPU
		{7C7175E5-4D29-4F71-BFCA-E5244527FD89}.Release|x64.ActiveCfg = Release|Any CPU
		{7C7175E5-4D29-4F71-BFCA-E5244527FD89}.Release|x64.Build.0 = Release|Any CPU
		{7C7175E5-4D29-4F71-BFCA-E5244527FD89}.Release|x86.ActiveCfg = Release|Any CPU
		{7C7175E5-4D29-4F71-BFCA-E5244527FD89}.Release|x86.Build.0 = Release|Any CPU
		{612273B5-93C1-4FA0-A8E6-06B2911B2D98}.Debug|Any CPU.ActiveCfg = Debug|Any CPU
		{612273B5-93C1-4FA0-A8E6-06B2911B2D98}.Debug|Any CPU.Build.0 = Debug|Any CPU
		{612273B5-93C1-4FA0-A8E6-06B2911B2D98}.Debug|x64.ActiveCfg = Debug|Any CPU
		{612273B5-93C1-4FA0-A8E6-06B2911B2D98}.Debug|x64.Build.0 = Debug|Any CPU
		{612273B5-93C1-4FA0-A8E6-06B2911B2D98}.Debug|x86.ActiveCfg = Debug|Any CPU
		{612273B5-93C1-4FA0-A8E6-06B2911B2D98}.Debug|x86.Build.0 = Debug|Any CPU
		{612273B5-93C1-4FA0-A8E6-06B2911B2D98}.Release|Any CPU.ActiveCfg = Release|Any CPU
		{612273B5-93C1-4FA0-A8E6-06B2911B2D98}.Release|Any CPU.Build.0 = Release|Any CPU
		{612273B5-93C1-4FA0-A8E6-06B2911B2D98}.Release|x64.ActiveCfg = Release|Any CPU
		{612273B5-93C1-4FA0-A8E6-06B2911B2D98}.Release|x64.Build.0 = Release|Any CPU
		{612273B5-93C1-4FA0-A8E6-06B2911B2D98}.Release|x86.ActiveCfg = Release|Any CPU
		{612273B5-93C1-4FA0-A8E6-06B2911B2D98}.Release|x86.Build.0 = Release|Any CPU
	EndGlobalSection
	GlobalSection(SolutionProperties) = preSolution
		HideSolutionNode = FALSE
	EndGlobalSection
	GlobalSection(NestedProjects) = preSolution
		{9C14AC5E-B5CA-4B74-80C3-8F5DF7559184} = {FBF56CC3-7AE6-AD2D-3F14-7F97FD322CD6}
		{CDB2C52D-337E-4DC4-B08D-5CB6E1D4E700} = {FBF56CC3-7AE6-AD2D-3F14-7F97FD322CD6}
		{ED35BB6E-5428-2A1A-D179-BB5E4D359D03} = {FBF56CC3-7AE6-AD2D-3F14-7F97FD322CD6}
		{27AC40DA-9913-445C-9210-0412BFDDBC81} = {ED35BB6E-5428-2A1A-D179-BB5E4D359D03}
		{7C7175E5-4D29-4F71-BFCA-E5244527FD89} = {5D20AA90-6969-D8BD-9DCD-8634F4692FDA}
		{612273B5-93C1-4FA0-A8E6-06B2911B2D98} = {5D20AA90-6969-D8BD-9DCD-8634F4692FDA}
	EndGlobalSection
EndGlobal
